
Microsoft Visual Studio Solution File, Format Version 12.00
# Visual Studio Version 16
VisualStudioVersion = 16.0.30413.136
MinimumVisualStudioVersion = 10.0.40219.1
Project("{FAE04EC0-301F-11D3-BF4B-00C04F79EFBC}") = "Financitos", "Financitos\Financitos.csproj", "{CFF3ED87-E983-42AD-A2E4-EB4AD6418203}"
EndProject
Global
	GlobalSection(SolutionConfigurationPlatforms) = preSolution
		Debug|Any CPU = Debug|Any CPU
		Release|Any CPU = Release|Any CPU
	EndGlobalSection
	GlobalSection(ProjectConfigurationPlatforms) = postSolution
		{CFF3ED87-E983-42AD-A2E4-EB4AD6418203}.Debug|Any CPU.ActiveCfg = Debug|Any CPU
		{CFF3ED87-E983-42AD-A2E4-EB4AD6418203}.Debug|Any CPU.Build.0 = Debug|Any CPU
		{CFF3ED87-E983-42AD-A2E4-EB4AD6418203}.Release|Any CPU.ActiveCfg = Release|Any CPU
		{CFF3ED87-E983-42AD-A2E4-EB4AD6418203}.Release|Any CPU.Build.0 = Release|Any CPU
	EndGlobalSection
	GlobalSection(SolutionProperties) = preSolution
		HideSolutionNode = FALSE
	EndGlobalSection
	GlobalSection(ExtensibilityGlobals) = postSolution
		SolutionGuid = {5F7B4D54-B5A6-4FCB-937E-C81A79CEE6DC}
	EndGlobalSection
EndGlobal
